uuid: cf4d2728-0aa5-4b5a-9d8a-d6db85f93946
langcode: en
status: true
dependencies: {  }
_core:
  default_config_hash: 5B0WCCKOBdOYZxfM-iLEYNnOkuRD_dV5oEESAQOBvGA
id: footer_promo_block
label: 'Footer promo block'
revision: false
description: 'A footer promo block contains a title, promo text, and a "find out more" link.'
